
Microsoft Visual Studio Solution File, Format Version 12.00
Project("{FAE04EC0-301F-11D3-BF4B-00C04F79EFBC}") = "algoDat_impl_test", "algoDat_impl_test\algoDat_impl_test.csproj", "{E5EAD3A9-8AE5-4FAA-B845-BBC3C31D9629}"
EndProject
Project("{FAE04EC0-301F-11D3-BF4B-00C04F79EFBC}") = "algoDat_impl_library", "algoDat_impl_library\algoDat_impl_library.csproj", "{E3BE449E-8508-4171-AD0F-F5046D9D7C82}"
EndProject
Project("{FAE04EC0-301F-11D3-BF4B-00C04F79EFBC}") = "algoDat_impl_console_interface", "algoDat_impl_console_interface\algoDat_impl_console_interface.csproj", "{6CD20703-8356-44F3-9FFC-54DE0CF37410}"
EndProject
Global
	GlobalSection(SolutionConfigurationPlatforms) = preSolution
		Debug|Any CPU = Debug|Any CPU
		Release|Any CPU = Release|Any CPU
	EndGlobalSection
	GlobalSection(ProjectConfigurationPlatforms) = postSolution
		{E5EAD3A9-8AE5-4FAA-B845-BBC3C31D9629}.Debug|Any CPU.ActiveCfg = Debug|Any CPU
		{E5EAD3A9-8AE5-4FAA-B845-BBC3C31D9629}.Debug|Any CPU.Build.0 = Debug|Any CPU
		{E5EAD3A9-8AE5-4FAA-B845-BBC3C31D9629}.Release|Any CPU.ActiveCfg = Release|Any CPU
		{E5EAD3A9-8AE5-4FAA-B845-BBC3C31D9629}.Release|Any CPU.Build.0 = Release|Any CPU
		{E3BE449E-8508-4171-AD0F-F5046D9D7C82}.Debug|Any CPU.ActiveCfg = Debug|Any CPU
		{E3BE449E-8508-4171-AD0F-F5046D9D7C82}.Debug|Any CPU.Build.0 = Debug|Any CPU
		{E3BE449E-8508-4171-AD0F-F5046D9D7C82}.Release|Any CPU.ActiveCfg = Release|Any CPU
		{E3BE449E-8508-4171-AD0F-F5046D9D7C82}.Release|Any CPU.Build.0 = Release|Any CPU
		{6CD20703-8356-44F3-9FFC-54DE0CF37410}.Debug|Any CPU.ActiveCfg = Debug|Any CPU
		{6CD20703-8356-44F3-9FFC-54DE0CF37410}.Debug|Any CPU.Build.0 = Debug|Any CPU
		{6CD20703-8356-44F3-9FFC-54DE0CF37410}.Release|Any CPU.ActiveCfg = Release|Any CPU
		{6CD20703-8356-44F3-9FFC-54DE0CF37410}.Release|Any CPU.Build.0 = Release|Any CPU
	EndGlobalSection
EndGlobal
